
Microsoft Visual Studio Solution File, Format Version 12.00
# Visual Studio Version 17
VisualStudioVersion = 17.5.002.0
MinimumVisualStudioVersion = 10.0.40219.1
Project("{2150E333-8FDC-42A3-9474-1A3956D46DE8}") = "src", "src", "{2FA715AB-2262-4492-8385-9BFC4FEC9AB6}"
EndProject
Project("{9A19103F-16F7-4668-BE54-9A1E7A4F7556}") = "BlazorApp", "src\BlazorApp\BlazorApp.csproj", "{F77F9193-3940-4F48-99D0-710FFB1CF26C}"
EndProject
Global
	GlobalSection(SolutionConfigurationPlatforms) = preSolution
		Debug|Any CPU = Debug|Any CPU
		Release|Any CPU = Release|Any CPU
	EndGlobalSection
	GlobalSection(ProjectConfigurationPlatforms) = postSolution
		{F77F9193-3940-4F48-99D0-710FFB1CF26C}.Debug|Any CPU.ActiveCfg = Debug|Any CPU
		{F77F9193-3940-4F48-99D0-710FFB1CF26C}.Debug|Any CPU.Build.0 = Debug|Any CPU
		{F77F9193-3940-4F48-99D0-710FFB1CF26C}.Release|Any CPU.ActiveCfg = Release|Any CPU
		{F77F9193-3940-4F48-99D0-710FFB1CF26C}.Release|Any CPU.Build.0 = Release|Any CPU
	EndGlobalSection
	GlobalSection(SolutionProperties) = preSolution
		HideSolutionNode = FALSE
	EndGlobalSection
	GlobalSection(NestedProjects) = preSolution
		{F77F9193-3940-4F48-99D0-710FFB1CF26C} = {2FA715AB-2262-4492-8385-9BFC4FEC9AB6}
	EndGlobalSection
	GlobalSection(ExtensibilityGlobals) = postSolution
		SolutionGuid = {185F62B2-0B19-4EB7-B1DC-B17D14AE4653}
	EndGlobalSection
EndGlobal
