{
  "name": "blazorapp",
  "version": "1.0.0",
  "lockfileVersion": 3,
  "requires": true,
  "packages": {
    "": {
      "name": "blazorapp",
      "version": "1.0.0",
      "license": "ISC",
      "dependencies": {
        "foundation-sites": "^6.9.0"
      }
    },
    "node_modules/@bufbuild/protobuf": {
      "version": "2.2.0",
      "resolved": "https://registry.npmjs.org/@bufbuild/protobuf/-/protobuf-2.2.0.tgz",
      "integrity": "sha512-+imAQkHf7U/Rwvu0wk1XWgsP3WnpCWmK7B48f0XqSNzgk64+grljTKC7pnO/xBiEMUziF7vKRfbBnOQhg126qQ==",
      "peer": true
    },
    "node_modules/buffer-builder": {
      "version": "0.2.0",
      "resolved": "https://registry.npmjs.org/buffer-builder/-/buffer-builder-0.2.0.tgz",
      "integrity": "sha512-7VPMEPuYznPSoR21NE1zvd2Xna6c/CloiZCfcMXR1Jny6PjX0N4Nsa38zcBFo/FMK+BlA+FLKbJCQ0i2yxp+Xg==",
      "peer": true
    },
    "node_modules/colorjs.io": {
      "version": "0.5.2",
      "resolved": "https://registry.npmjs.org/colorjs.io/-/colorjs.io-0.5.2.tgz",
      "integrity": "sha512-twmVoizEW7ylZSN32OgKdXRmo1qg+wT5/6C3xu5b9QsWzSFAhHLn2xd8ro0diCsKfCj1RdaTP/nrcW+vAoQPIw==",
      "peer": true
    },
    "node_modules/foundation-sites": {
      "version": "6.9.0",
      "resolved": "https://registry.npmjs.org/foundation-sites/-/foundation-sites-6.9.0.tgz",
      "integrity": "sha512-bZpjL6lxuGViy1UU/NuMddyAAJP0YgJYKNh+8ZtDWhQRtiY1yQISxHmgF4V8EFx7DWHDTdZC1fwFysnMAYkdQg==",
      "engines": {
        "node": ">=18.0"
      },
      "peerDependencies": {
        "jquery": ">=3.6.0",
        "motion-ui": "latest",
        "what-input": ">=5.2.10"
      }
    },
    "node_modules/has-flag": {
      "version": "4.0.0",
      "resolved": "https://registry.npmjs.org/has-flag/-/has-flag-4.0.0.tgz",
      "integrity": "sha512-EykJT/Q1KjTWctppgIAgfSO0tKVuZUjhgMr17kqTumMl6Afv3EISleU7qZUzoXDFTAHTDC4NOoG/ZxU3EvlMPQ==",
      "peer": true,
      "engines": {
        "node": ">=8"
      }
    },
    "node_modules/immutable": {
      "version": "4.3.7",
      "resolved": "https://registry.npmjs.org/immutable/-/immutable-4.3.7.tgz",
      "integrity": "sha512-1hqclzwYwjRDFLjcFxOM5AYkkG0rpFPpr1RLPMEuGczoS7YA8gLhy8SWXYRAA/XwfEHpfo3cw5JGioS32fnMRw==",
      "peer": true
    },
    "node_modules/jquery": {
      "version": "3.7.1",
      "resolved": "https://registry.npmjs.org/jquery/-/jquery-3.7.1.tgz",
      "integrity": "sha512-m4avr8yL8kmFN8psrbFFFmB/If14iN5o9nw/NgnnM+kybDJpRsAynV2BsfpTYrTRysYUdADVD7CkUUizgkpLfg==",
      "peer": true
    },
    "node_modules/motion-ui": {
      "version": "2.0.8",
      "resolved": "https://registry.npmjs.org/motion-ui/-/motion-ui-2.0.8.tgz",
      "integrity": "sha512-kFPFUYslkA9NcnrbErCdGlSGGKBxSTfp7FToapj8/wawPIoks88H1bpNmqRh0EzU+u7PydUp2YSmmO3Sv+ZiBQ==",
      "peer": true,
      "dependencies": {
        "sass-embedded": "^1.79.3"
      },
      "peerDependencies": {
        "jquery": ">=3.6.0"
      }
    },
    "node_modules/rxjs": {
      "version": "7.8.1",
      "resolved": "https://registry.npmjs.org/rxjs/-/rxjs-7.8.1.tgz",
      "integrity": "sha512-AA3TVj+0A2iuIoQkWEK/tqFjBq2j+6PO6Y0zJcvzLAFhEFIO3HL0vls9hWLncZbAAbK0mar7oZ4V079I/qPMxg==",
      "peer": true,
      "dependencies": {
        "tslib": "^2.1.0"
      }
    },
    "node_modules/sass-embedded": {
      "version": "1.79.4",
      "resolved": "https://registry.npmjs.org/sass-embedded/-/sass-embedded-1.79.4.tgz",
      "integrity": "sha512-3AATrtStMgxYjkit02/Ix8vx/P7qderYG6DHjmehfk5jiw53OaWVScmcGJSwp/d77kAkxDQ+Y0r+79VynGmrkw==",
      "peer": true,
      "dependencies": {
        "@bufbuild/protobuf": "^2.0.0",
        "buffer-builder": "^0.2.0",
        "colorjs.io": "^0.5.0",
        "immutable": "^4.0.0",
        "rxjs": "^7.4.0",
        "supports-color": "^8.1.1",
        "varint": "^6.0.0"
      },
      "bin": {
        "sass": "dist/bin/sass.js"
      },
      "engines": {
        "node": ">=16.0.0"
      },
      "optionalDependencies": {
        "sass-embedded-android-arm": "1.79.4",
        "sass-embedded-android-arm64": "1.79.4",
        "sass-embedded-android-ia32": "1.79.4",
        "sass-embedded-android-riscv64": "1.79.4",
        "sass-embedded-android-x64": "1.79.4",
        "sass-embedded-darwin-arm64": "1.79.4",
        "sass-embedded-darwin-x64": "1.79.4",
        "sass-embedded-linux-arm": "1.79.4",
        "sass-embedded-linux-arm64": "1.79.4",
        "sass-embedded-linux-ia32": "1.79.4",
        "sass-embedded-linux-musl-arm": "1.79.4",
        "sass-embedded-linux-musl-arm64": "1.79.4",
        "sass-embedded-linux-musl-ia32": "1.79.4",
        "sass-embedded-linux-musl-riscv64": "1.79.4",
        "sass-embedded-linux-musl-x64": "1.79.4",
        "sass-embedded-linux-riscv64": "1.79.4",
        "sass-embedded-linux-x64": "1.79.4",
        "sass-embedded-win32-arm64": "1.79.4",
        "sass-embedded-win32-ia32": "1.79.4",
        "sass-embedded-win32-x64": "1.79.4"
      }
    },
    "node_modules/sass-embedded-android-arm": {
      "version": "1.79.4",
      "resolved": "https://registry.npmjs.org/sass-embedded-android-arm/-/sass-embedded-android-arm-1.79.4.tgz",
      "integrity": "sha512-YOVpDGDcwWUQvktpJhYo4zOkknDpdX6ALpaeHDTX6GBUvnZfx+Widh76v+QFUhiJQ/I/hndXg1jv/PKilOHRrw==",
      "cpu": [
        "arm"
      ],
      "optional": true,
      "os": [
        "android"
      ],
      "peer": true,
      "engines": {
        "node": ">=14.0.0"
      }
    },
    "node_modules/sass-embedded-android-arm64": {
      "version": "1.79.4",
      "resolved": "https://registry.npmjs.org/sass-embedded-android-arm64/-/sass-embedded-android-arm64-1.79.4.tgz",
      "integrity": "sha512-0JAZ8TtXYv9yI3Yasaq03xvo7DLJOmD+Exb30oJKxXcWTAV9TB0ZWKoIRsFxbCyPxyn7ouxkaCEXQtaTRKrmfw==",
      "cpu": [
        "arm64"
      ],
      "optional": true,
      "os": [
        "android"
      ],
      "peer": true,
      "engines": {
        "node": ">=14.0.0"
      }
    },
    "node_modules/sass-embedded-android-ia32": {
      "version": "1.79.4",
      "resolved": "https://registry.npmjs.org/sass-embedded-android-ia32/-/sass-embedded-android-ia32-1.79.4.tgz",
      "integrity": "sha512-IjO3RoyvNN84ZyfAR5s/a8TIdNPfClb7CLGrswB3BN/NElYIJUJMVHD6+Y8W9QwBIZ8DrK1IdLFSTV8nn82xMA==",
      "cpu": [
        "ia32"
      ],
      "optional": true,
      "os": [
        "android"
      ],
      "peer": true,
      "engines": {
        "node": ">=14.0.0"
      }
    },
    "node_modules/sass-embedded-android-riscv64": {
      "version": "1.79.4",
      "resolved": "https://registry.npmjs.org/sass-embedded-android-riscv64/-/sass-embedded-android-riscv64-1.79.4.tgz",
      "integrity": "sha512-uOT8nXmKxSwuIdcqvElVWBFcm/+YcIvmwfoKbpuuSOSxUe9eqFzxo+fk7ILhynzf6FBlvRUH5DcjGj+sXtCc3w==",
      "cpu": [
        "riscv64"
      ],
      "optional": true,
      "os": [
        "android"
      ],
      "peer": true,
      "engines": {
        "node": ">=14.0.0"
      }
    },
    "node_modules/sass-embedded-android-x64": {
      "version": "1.79.4",
      "resolved": "https://registry.npmjs.org/sass-embedded-android-x64/-/sass-embedded-android-x64-1.79.4.tgz",
      "integrity": "sha512-W2FQoj3Z2J2DirNs3xSBVvrhMuqLnsqvOPulxOkhL/074+faKOZZnPx2tZ5zsHbY97SonciiU0SV0mm98xI42w==",
      "cpu": [
        "x64"
      ],
      "optional": true,
      "os": [
        "android"
      ],
      "peer": true,
      "engines": {
        "node": ">=14.0.0"
      }
    },
    "node_modules/sass-embedded-darwin-arm64": {
      "version": "1.79.4",
      "resolved": "https://registry.npmjs.org/sass-embedded-darwin-arm64/-/sass-embedded-darwin-arm64-1.79.4.tgz",
      "integrity": "sha512-pcYtbN1VUAAcfgyHeX8ySndDWGjIvcq6rldduktPbGGuAlEWFDfnwjTbv0hS945ggdzZ6TFnaFlLEDr0SjKzBA==",
      "cpu": [
        "arm64"
      ],
      "optional": true,
      "os": [
        "darwin"
      ],
      "peer": true,
      "engines": {
        "node": ">=14.0.0"
      }
    },
    "node_modules/sass-embedded-darwin-x64": {
      "version": "1.79.4",
      "resolved": "https://registry.npmjs.org/sass-embedded-darwin-x64/-/sass-embedded-darwin-x64-1.79.4.tgz",
      "integrity": "sha512-ir8CFTfc4JLx/qCP8LK1/3pWv35nRyAQkUK7lBIKM6hWzztt64gcno9rZIk4SpHr7Z/Bp1IYWWRS4ZT+4HmsbA==",
      "cpu": [
        "x64"
      ],
      "optional": true,
      "os": [
        "darwin"
      ],
      "peer": true,
      "engines": {
        "node": ">=14.0.0"
      }
    },
    "node_modules/sass-embedded-linux-arm": {
      "version": "1.79.4",
      "resolved": "https://registry.npmjs.org/sass-embedded-linux-arm/-/sass-embedded-linux-arm-1.79.4.tgz",
      "integrity": "sha512-H/XEE3rY7c+tY0qDaELjPjC6VheAhBo1tPJQ6UHoBEf8xrbT/RT3dWiIS8grp9Vk54RCn05BEB/+POaljvvKGA==",
      "cpu": [
        "arm"
      ],
      "optional": true,
      "os": [
        "linux"
      ],
      "peer": true,
      "engines": {
        "node": ">=14.0.0"
      }
    },
    "node_modules/sass-embedded-linux-arm64": {
      "version": "1.79.4",
      "resolved": "https://registry.npmjs.org/sass-embedded-linux-arm64/-/sass-embedded-linux-arm64-1.79.4.tgz",
      "integrity": "sha512-XIVn2mCuA422SR2kmKjF6jhjMs1Vrt1DbZ/ktSp+eR0sU4ugu2htg45GajiUFSKKRj7Sc+cBdThq1zPPsDLf1w==",
      "cpu": [
        "arm64"
      ],
      "optional": true,
      "os": [
        "linux"
      ],
      "peer": true,
      "engines": {
        "node": ">=14.0.0"
      }
    },
    "node_modules/sass-embedded-linux-ia32": {
      "version": "1.79.4",
      "resolved": "https://registry.npmjs.org/sass-embedded-linux-ia32/-/sass-embedded-linux-ia32-1.79.4.tgz",
      "integrity": "sha512-3nqZxV4nuUTb1ahLexVl4hsnx1KKwiGdHEf1xHWTZai6fYFMcwyNPrHySCQzFHqb5xiqSpPzzrKjuDhF6+guuQ==",
      "cpu": [
        "ia32"
      ],
      "optional": true,
      "os": [
        "linux"
      ],
      "peer": true,
      "engines": {
        "node": ">=14.0.0"
      }
    },
    "node_modules/sass-embedded-linux-musl-arm": {
      "version": "1.79.4",
      "resolved": "https://registry.npmjs.org/sass-embedded-linux-musl-arm/-/sass-embedded-linux-musl-arm-1.79.4.tgz",
      "integrity": "sha512-HnbU1DEiQdUayioNzxh2WlbTEgQRBPTgIIvof8J63QLmVItUqE7EkWYkSUy4RhO+8NsuN9wzGmGTzFBvTImU7g==",
      "cpu": [
        "arm"
      ],
      "optional": true,
      "os": [
        "linux"
      ],
      "peer": true,
      "engines": {
        "node": ">=14.0.0"
      }
    },
    "node_modules/sass-embedded-linux-musl-arm64": {
      "version": "1.79.4",
      "resolved": "https://registry.npmjs.org/sass-embedded-linux-musl-arm64/-/sass-embedded-linux-musl-arm64-1.79.4.tgz",
      "integrity": "sha512-C6qX06waPEfDgOHR8jXoYxl0EtIXOyBDyyonrLO3StRjWjGx7XMQj2hA/KXSsV+Hr71fBOsaViosqWXPzTbEiQ==",
      "cpu": [
        "arm64"
      ],
      "optional": true,
      "os": [
        "linux"
      ],
      "peer": true,
      "engines": {
        "node": ">=14.0.0"
      }
    },
    "node_modules/sass-embedded-linux-musl-ia32": {
      "version": "1.79.4",
      "resolved": "https://registry.npmjs.org/sass-embedded-linux-musl-ia32/-/sass-embedded-linux-musl-ia32-1.79.4.tgz",
      "integrity": "sha512-y5b0fdOPWyhj4c+mc88GvQiC5onRH1V0iNaWNjsiZ+L4hHje6T98nDLrCJn0fz5GQnXjyLCLZduMWbfV0QjHGg==",
      "cpu": [
        "ia32"
      ],
      "optional": true,
      "os": [
        "linux"
      ],
      "peer": true,
      "engines": {
        "node": ">=14.0.0"
      }
    },
    "node_modules/sass-embedded-linux-musl-riscv64": {
      "version": "1.79.4",
      "resolved": "https://registry.npmjs.org/sass-embedded-linux-musl-riscv64/-/sass-embedded-linux-musl-riscv64-1.79.4.tgz",
      "integrity": "sha512-G2M5ADMV9SqnkwpM0S+UzDz7xR2njCOhofku/sDMZABzAjQQWTsAykKoGmzlT98fTw2HbNhb6u74umf2WLhCfw==",
      "cpu": [
        "riscv64"
      ],
      "optional": true,
      "os": [
        "linux"
      ],
      "peer": true,
      "engines": {
        "node": ">=14.0.0"
      }
    },
    "node_modules/sass-embedded-linux-musl-x64": {
      "version": "1.79.4",
      "resolved": "https://registry.npmjs.org/sass-embedded-linux-musl-x64/-/sass-embedded-linux-musl-x64-1.79.4.tgz",
      "integrity": "sha512-kQm8dCU3DXf7DtUGWYPiPs03KJYKvFeiZJHhSx993DCM8D2b0wCXWky0S0Z46gf1sEur0SN4Lvnt1WczTqxIBw==",
      "cpu": [
        "x64"
      ],
      "optional": true,
      "os": [
        "linux"
      ],
      "peer": true,
      "engines": {
        "node": ">=14.0.0"
      }
    },
    "node_modules/sass-embedded-linux-riscv64": {
      "version": "1.79.4",
      "resolved": "https://registry.npmjs.org/sass-embedded-linux-riscv64/-/sass-embedded-linux-riscv64-1.79.4.tgz",
      "integrity": "sha512-GaTI/mXYWYSzG5wxtM4H2cozLpATyh+4l+rO9FFKOL8e1sUOLAzTeRdU2nSBYCuRqsxRuTZIwCXhSz9Q3NRuNA==",
      "cpu": [
        "riscv64"
      ],
      "optional": true,
      "os": [
        "linux"
      ],
      "peer": true,
      "engines": {
        "node": ">=14.0.0"
      }
    },
    "node_modules/sass-embedded-linux-x64": {
      "version": "1.79.4",
      "resolved": "https://registry.npmjs.org/sass-embedded-linux-x64/-/sass-embedded-linux-x64-1.79.4.tgz",
      "integrity": "sha512-f9laGkqHgC01h99Qt4LsOV+OLMffjvUcTu14hYWqMS9QVX5a4ihMwpf1NoAtTUytb7cVF3rYY/NVGuXt6G3ppQ==",
      "cpu": [
        "x64"
      ],
      "optional": true,
      "os": [
        "linux"
      ],
      "peer": true,
      "engines": {
        "node": ">=14.0.0"
      }
    },
    "node_modules/sass-embedded-win32-arm64": {
      "version": "1.79.4",
      "resolved": "https://registry.npmjs.org/sass-embedded-win32-arm64/-/sass-embedded-win32-arm64-1.79.4.tgz",
      "integrity": "sha512-cidBvtaA2cJ6dNlwQEa8qak+ezypurzKs0h0QAHLH324+j/6Jum7LCnQhZRPYJBFjHl+WYd7KwzPnJ2X5USWnQ==",
      "cpu": [
        "arm64"
      ],
      "optional": true,
      "os": [
        "win32"
      ],
      "peer": true,
      "engines": {
        "node": ">=14.0.0"
      }
    },
    "node_modules/sass-embedded-win32-ia32": {
      "version": "1.79.4",
      "resolved": "https://registry.npmjs.org/sass-embedded-win32-ia32/-/sass-embedded-win32-ia32-1.79.4.tgz",
      "integrity": "sha512-hexdmNTIZGTKNTzlMcdvEXzYuxOJcY89zqgsf45aQ2YMy4y2M8dTOxRI/Vz7p4iRxVp1Jow6LCtaLHrNI2Ordg==",
      "cpu": [
        "ia32"
      ],
      "optional": true,
      "os": [
        "win32"
      ],
      "peer": true,
      "engines": {
        "node": ">=14.0.0"
      }
    },
    "node_modules/sass-embedded-win32-x64": {
      "version": "1.79.4",
      "resolved": "https://registry.npmjs.org/sass-embedded-win32-x64/-/sass-embedded-win32-x64-1.79.4.tgz",
      "integrity": "sha512-73yrpiWIbti6DkxhWURklkgSLYKfU9itDmvHxB+oYSb4vQveIApqTwSyTOuIUb/6Da/EsgEpdJ4Lbj4sLaMZWA==",
      "cpu": [
        "x64"
      ],
      "optional": true,
      "os": [
        "win32"
      ],
      "peer": true,
      "engines": {
        "node": ">=14.0.0"
      }
    },
    "node_modules/supports-color": {
      "version": "8.1.1",
      "resolved": "https://registry.npmjs.org/supports-color/-/supports-color-8.1.1.tgz",
      "integrity": "sha512-MpUEN2OodtUzxvKQl72cUF7RQ5EiHsGvSsVG0ia9c5RbWGL2CI4C7EpPS8UTBIplnlzZiNuV56w+FuNxy3ty2Q==",
      "peer": true,
      "dependencies": {
        "has-flag": "^4.0.0"
      },
      "engines": {
        "node": ">=10"
      },
      "funding": {
        "url": "https://github.com/chalk/supports-color?sponsor=1"
      }
    },
    "node_modules/tslib": {
      "version": "2.7.0",
      "resolved": "https://registry.npmjs.org/tslib/-/tslib-2.7.0.tgz",
      "integrity": "sha512-gLXCKdN1/j47AiHiOkJN69hJmcbGTHI0ImLmbYLHykhgeN0jVGola9yVjFgzCUklsZQMW55o+dW7IXv3RCXDzA==",
      "peer": true
    },
    "node_modules/varint": {
      "version": "6.0.0",
      "resolved": "https://registry.npmjs.org/varint/-/varint-6.0.0.tgz",
      "integrity": "sha512-cXEIW6cfr15lFv563k4GuVuW/fiwjknytD37jIOLSdSWuOI6WnO/oKwmP2FQTU2l01LP8/M5TSAJpzUaGe3uWg==",
      "peer": true
    },
    "node_modules/what-input": {
      "version": "5.2.12",
      "resolved": "https://registry.npmjs.org/what-input/-/what-input-5.2.12.tgz",
      "integrity": "sha512-3yrSa7nGSXGJS6wZeSkO6VNm95pB1mZ9i3wFzC1hhY7mn4/afue/MvXz04OXNdBC8bfo4AB4RRd3Dem9jXM58Q==",
      "peer": true
    }
  }
}
